{
  "requires": true,
  "lockfileVersion": 1,
  "dependencies": {
    "typescript": {
      "version": "4.0.0-dev.20200530",
      "resolved": "https://registry.npmjs.org/typescript/-/typescript-4.0.0-dev.20200530.tgz",
      "integrity": "sha512-4NeVeGEF0Uegn4LyLF3fuCv7N1jeBcdKhLTN+dRkdSJ2ElkBC47N6Vl+RhIWL4S2eoWXwu2MjxuW9e9BRAJH/A==",
      "dev": true
    }
  }
}
